// !$*UTF8*$!
{
	archiveVersion = 1;
	classes = {
	};
	objectVersion = 55;
	objects = {

/* Begin PBXBuildFile section */
		0442CACE276A47270039C15B /* GameOverViewController.swift in Sources */ = {isa = PBXBuildFile; fileRef = 0442CACD276A47270039C15B /* GameOverViewController.swift */; };
		0442CAD0276A7ED80039C15B /* Alert.storyboard in Resources */ = {isa = PBXBuildFile; fileRef = 0442CACF276A7ED80039C15B /* Alert.storyboard */; };
		0442CAD2276A7F850039C15B /* AlertService.swift in Sources */ = {isa = PBXBuildFile; fileRef = 0442CAD1276A7F850039C15B /* AlertService.swift */; };
		0442CAD4276A80EA0039C15B /* AlertViewController.swift in Sources */ = {isa = PBXBuildFile; fileRef = 0442CAD3276A80EA0039C15B /* AlertViewController.swift */; };
		0442CAD7276A8F240039C15B /* GameOverDelegate.swift in Sources */ = {isa = PBXBuildFile; fileRef = 0442CAD6276A8F240039C15B /* GameOverDelegate.swift */; };
		0442CAD9276A8F500039C15B /* AlertDelegate.swift in Sources */ = {isa = PBXBuildFile; fileRef = 0442CAD8276A8F500039C15B /* AlertDelegate.swift */; };
		0498E73C276B5310002EE87F /* music.mp3 in Resources */ = {isa = PBXBuildFile; fileRef = 0498E73B276B5310002EE87F /* music.mp3 */; };
		0498E73E276B5C2C002EE87F /* MusicSupport.swift in Sources */ = {isa = PBXBuildFile; fileRef = 0498E73D276B5C2C002EE87F /* MusicSupport.swift */; };
		04BD9C0227689D2D00BB7C1F /* AppDelegate.swift in Sources */ = {isa = PBXBuildFile; fileRef = 04BD9C0127689D2D00BB7C1F /* AppDelegate.swift */; };
		04BD9C0427689D2D00BB7C1F /* GameScene.sks in Resources */ = {isa = PBXBuildFile; fileRef = 04BD9C0327689D2D00BB7C1F /* GameScene.sks */; };
		04BD9C0627689D2D00BB7C1F /* Actions.sks in Resources */ = {isa = PBXBuildFile; fileRef = 04BD9C0527689D2D00BB7C1F /* Actions.sks */; };
		04BD9C0827689D2D00BB7C1F /* GameScene.swift in Sources */ = {isa = PBXBuildFile; fileRef = 04BD9C0727689D2D00BB7C1F /* GameScene.swift */; };
		04BD9C0A27689D2D00BB7C1F /* GameViewController.swift in Sources */ = {isa = PBXBuildFile; fileRef = 04BD9C0927689D2D00BB7C1F /* GameViewController.swift */; };
		04BD9C0D27689D2D00BB7C1F /* Main.storyboard in Resources */ = {isa = PBXBuildFile; fileRef = 04BD9C0B27689D2D00BB7C1F /* Main.storyboard */; };
		04BD9C0F27689D2F00BB7C1F /* Assets.xcassets in Resources */ = {isa = PBXBuildFile; fileRef = 04BD9C0E27689D2F00BB7C1F /* Assets.xcassets */; };
		04BD9C1227689D2F00BB7C1F /* LaunchScreen.storyboard in Resources */ = {isa = PBXBuildFile; fileRef = 04BD9C1027689D2F00BB7C1F /* LaunchScreen.storyboard */; };
/* End PBXBuildFile section */

/* Begin PBXFileReference section */
		0442CACD276A47270039C15B /* GameOverViewController.swift */ = {isa = PBXFileReference; lastKnownFileType = sourcecode.swift; path = GameOverViewController.swift; sourceTree = "<group>"; };
		0442CACF276A7ED80039C15B /* Alert.storyboard */ = {isa = PBXFileReference; lastKnownFileType = file.storyboard; path = Alert.storyboard; sourceTree = "<group>"; };
		0442CAD1276A7F850039C15B /* AlertService.swift */ = {isa = PBXFileReference; lastKnownFileType = sourcecode.swift; path = AlertService.swift; sourceTree = "<group>"; };
		0442CAD3276A80EA0039C15B /* AlertViewController.swift */ = {isa = PBXFileReference; lastKnownFileType = sourcecode.swift; path = AlertViewController.swift; sourceTree = "<group>"; };
		0442CAD6276A8F240039C15B /* GameOverDelegate.swift */ = {isa = PBXFileReference; lastKnownFileType = sourcecode.swift; path = GameOverDelegate.swift; sourceTree = "<group>"; };
		0442CAD8276A8F500039C15B /* AlertDelegate.swift */ = {isa = PBXFileReference; lastKnownFileType = sourcecode.swift; path = AlertDelegate.swift; sourceTree = "<group>"; };
		0498E73B276B5310002EE87F /* music.mp3 */ = {isa = PBXFileReference; lastKnownFileType = audio.mp3; path = music.mp3; sourceTree = "<group>"; };
		0498E73D276B5C2C002EE87F /* MusicSupport.swift */ = {isa = PBXFileReference; lastKnownFileType = sourcecode.swift; path = MusicSupport.swift; sourceTree = "<group>"; };
		04BD9BFE27689D2D00BB7C1F /* testGame.app */ = {isa = PBXFileReference; explicitFileType = wrapper.application; includeInIndex = 0; path = testGame.app; sourceTree = BUILT_PRODUCTS_DIR; };
		04BD9C0127689D2D00BB7C1F /* AppDelegate.swift */ = {isa = PBXFileReference; lastKnownFileType = sourcecode.swift; path = AppDelegate.swift; sourceTree = "<group>"; };
		04BD9C0327689D2D00BB7C1F /* GameScene.sks */ = {isa = PBXFileReference; lastKnownFileType = file.sks; path = GameScene.sks; sourceTree = "<group>"; };
		04BD9C0527689D2D00BB7C1F /* Actions.sks */ = {isa = PBXFileReference; lastKnownFileType = file.sks; path = Actions.sks; sourceTree = "<group>"; };
		04BD9C0727689D2D00BB7C1F /* GameScene.swift */ = {isa = PBXFileReference; lastKnownFileType = sourcecode.swift; path = GameScene.swift; sourceTree = "<group>"; };
		04BD9C0927689D2D00BB7C1F /* GameViewController.swift */ = {isa = PBXFileReference; lastKnownFileType = sourcecode.swift; path = GameViewController.swift; sourceTree = "<group>"; };
		04BD9C0C27689D2D00BB7C1F /* Base */ = {isa = PBXFileReference; lastKnownFileType = file.storyboard; name = Base; path = Base.lproj/Main.storyboard; sourceTree = "<group>"; };
		04BD9C0E27689D2F00BB7C1F /* Assets.xcassets */ = {isa = PBXFileReference; lastKnownFileType = folder.assetcatalog; path = Assets.xcassets; sourceTree = "<group>"; };
		04BD9C1127689D2F00BB7C1F /* Base */ = {isa = PBXFileReference; lastKnownFileType = file.storyboard; name = Base; path = Base.lproj/LaunchScreen.storyboard; sourceTree = "<group>"; };
/* End PBXFileReference section */

/* Begin PBXFrameworksBuildPhase section */
		04BD9BFB27689D2D00BB7C1F /* Frameworks */ = {
			isa = PBXFrameworksBuildPhase;
			buildActionMask = 2147483647;
			files = (
			);
			runOnlyForDeploymentPostprocessing = 0;
		};
/* End PBXFrameworksBuildPhase section */

/* Begin PBXGroup section */
		0442CAD5276A8F0A0039C15B /* Delegates */ = {
			isa = PBXGroup;
			children = (
				0442CAD8276A8F500039C15B /* AlertDelegate.swift */,
				0442CAD6276A8F240039C15B /* GameOverDelegate.swift */,
			);
			path = Delegates;
			sourceTree = "<group>";
		};
		0442CADA276A8F670039C15B /* ViewConrtollers */ = {
			isa = PBXGroup;
			children = (
				04BD9C0927689D2D00BB7C1F /* GameViewController.swift */,
				0442CACD276A47270039C15B /* GameOverViewController.swift */,
			);
			path = ViewConrtollers;
			sourceTree = "<group>";
		};
		0442CADB276A8F850039C15B /* Alert */ = {
			isa = PBXGroup;
			children = (
				0442CAD3276A80EA0039C15B /* AlertViewController.swift */,
				0442CAD1276A7F850039C15B /* AlertService.swift */,
				0442CACF276A7ED80039C15B /* Alert.storyboard */,
			);
			path = Alert;
			sourceTree = "<group>";
		};
		04BD9BF527689D2D00BB7C1F = {
			isa = PBXGroup;
			children = (
				04BD9C0027689D2D00BB7C1F /* testGame */,
				04BD9BFF27689D2D00BB7C1F /* Products */,
			);
			sourceTree = "<group>";
		};
		04BD9BFF27689D2D00BB7C1F /* Products */ = {
			isa = PBXGroup;
			children = (
				04BD9BFE27689D2D00BB7C1F /* testGame.app */,
			);
			name = Products;
			sourceTree = "<group>";
		};
		04BD9C0027689D2D00BB7C1F /* testGame */ = {
			isa = PBXGroup;
			children = (
				0442CADB276A8F850039C15B /* Alert */,
				0442CADA276A8F670039C15B /* ViewConrtollers */,
				0442CAD5276A8F0A0039C15B /* Delegates */,
				04BD9C0127689D2D00BB7C1F /* AppDelegate.swift */,
				04BD9C0327689D2D00BB7C1F /* GameScene.sks */,
				04BD9C0527689D2D00BB7C1F /* Actions.sks */,
				0498E73B276B5310002EE87F /* music.mp3 */,
				04BD9C0727689D2D00BB7C1F /* GameScene.swift */,
				04BD9C0B27689D2D00BB7C1F /* Main.storyboard */,
				04BD9C0E27689D2F00BB7C1F /* Assets.xcassets */,
				0498E73D276B5C2C002EE87F /* MusicSupport.swift */,
				04BD9C1027689D2F00BB7C1F /* LaunchScreen.storyboard */,
			);
			path = testGame;
			sourceTree = "<group>";
		};
/* End PBXGroup section */

/* Begin PBXNativeTarget section */
		04BD9BFD27689D2D00BB7C1F /* testGame */ = {
			isa = PBXNativeTarget;
			buildConfigurationList = 04BD9C1527689D2F00BB7C1F /* Build configuration list for PBXNativeTarget "testGame" */;
			buildPhases = (
				04BD9BFA27689D2D00BB7C1F /* Sources */,
				04BD9BFB27689D2D00BB7C1F /* Frameworks */,
				04BD9BFC27689D2D00BB7C1F /* Resources */,
			);
			buildRules = (
			);
			dependencies = (
			);
			name = testGame;
			productName = testGame;
			productReference = 04BD9BFE27689D2D00BB7C1F /* testGame.app */;
			productType = "com.apple.product-type.application";
		};
/* End PBXNativeTarget section */

/* Begin PBXProject section */
		04BD9BF627689D2D00BB7C1F /* Project object */ = {
			isa = PBXProject;
			attributes = {
				BuildIndependentTargetsInParallel = 1;
				LastSwiftUpdateCheck = 1310;
				LastUpgradeCheck = 1310;
				TargetAttributes = {
					04BD9BFD27689D2D00BB7C1F = {
						CreatedOnToolsVersion = 13.1;
					};
				};
			};
			buildConfigurationList = 04BD9BF927689D2D00BB7C1F /* Build configuration list for PBXProject "testGame" */;
			compatibilityVersion = "Xcode 13.0";
			developmentRegion = en;
			hasScannedForEncodings = 0;
			knownRegions = (
				en,
				Base,
			);
			mainGroup = 04BD9BF527689D2D00BB7C1F;
			productRefGroup = 04BD9BFF27689D2D00BB7C1F /* Products */;
			projectDirPath = "";
			projectRoot = "";
			targets = (
				04BD9BFD27689D2D00BB7C1F /* testGame */,
			);
		};
/* End PBXProject section */

/* Begin PBXResourcesBuildPhase section */
		04BD9BFC27689D2D00BB7C1F /* Resources */ = {
			isa = PBXResourcesBuildPhase;
			buildActionMask = 2147483647;
			files = (
				04BD9C0D27689D2D00BB7C1F /* Main.storyboard in Resources */,
				04BD9C0427689D2D00BB7C1F /* GameScene.sks in Resources */,
				04BD9C0F27689D2F00BB7C1F /* Assets.xcassets in Resources */,
				04BD9C1227689D2F00BB7C1F /* LaunchScreen.storyboard in Resources */,
				04BD9C0627689D2D00BB7C1F /* Actions.sks in Resources */,
				0498E73C276B5310002EE87F /* music.mp3 in Resources */,
				0442CAD0276A7ED80039C15B /* Alert.storyboard in Resources */,
			);
			runOnlyForDeploymentPostprocessing = 0;
		};
/* End PBXResourcesBuildPhase section */

/* Begin PBXSourcesBuildPhase section */
		04BD9BFA27689D2D00BB7C1F /* Sources */ = {
			isa = PBXSourcesBuildPhase;
			buildActionMask = 2147483647;
			files = (
				0442CACE276A47270039C15B /* GameOverViewController.swift in Sources */,
				0442CAD9276A8F500039C15B /* AlertDelegate.swift in Sources */,
				0442CAD4276A80EA0039C15B /* AlertViewController.swift in Sources */,
				04BD9C0827689D2D00BB7C1F /* GameScene.swift in Sources */,
				04BD9C0A27689D2D00BB7C1F /* GameViewController.swift in Sources */,
				0442CAD7276A8F240039C15B /* GameOverDelegate.swift in Sources */,
				04BD9C0227689D2D00BB7C1F /* AppDelegate.swift in Sources */,
				0442CAD2276A7F850039C15B /* AlertService.swift in Sources */,
				0498E73E276B5C2C002EE87F /* MusicSupport.swift in Sources */,
			);
			runOnlyForDeploymentPostprocessing = 0;
		};
/* End PBXSourcesBuildPhase section */

/* Begin PBXVariantGroup section */
		04BD9C0B27689D2D00BB7C1F /* Main.storyboard */ = {
			isa = PBXVariantGroup;
			children = (
				04BD9C0C27689D2D00BB7C1F /* Base */,
			);
			name = Main.storyboard;
			sourceTree = "<group>";
		};
		04BD9C1027689D2F00BB7C1F /* LaunchScreen.storyboard */ = {
			isa = PBXVariantGroup;
			children = (
				04BD9C1127689D2F00BB7C1F /* Base */,
			);
			name = LaunchScreen.storyboard;
			sourceTree = "<group>";
		};
/* End PBXVariantGroup section */

/* Begin XCBuildConfiguration section */
		04BD9C1327689D2F00BB7C1F /* Debug */ = {
			isa = XCBuildConfiguration;
			buildSettings = {
				ALWAYS_SEARCH_USER_PATHS = NO;
				CLANG_ANALYZER_NONNULL = YES;
				CLANG_ANALYZER_NUMBER_OBJECT_CONVERSION = YES_AGGRESSIVE;
				CLANG_CXX_LANGUAGE_STANDARD = "gnu++17";
				CLANG_CXX_LIBRARY = "libc++";
				CLANG_ENABLE_MODULES = YES;
				CLANG_ENABLE_OBJC_ARC = YES;
				CLANG_ENABLE_OBJC_WEAK = YES;
				CLANG_WARN_BLOCK_CAPTURE_AUTORELEASING = YES;
				CLANG_WARN_BOOL_CONVERSION = YES;
				CLANG_WARN_COMMA = YES;
				CLANG_WARN_CONSTANT_CONVERSION = YES;
				CLANG_WARN_DEPRECATED_OBJC_IMPLEMENTATIONS = YES;
				CLANG_WARN_DIRECT_OBJC_ISA_USAGE = YES_ERROR;
				CLANG_WARN_DOCUMENTATION_COMMENTS = YES;
				CLANG_WARN_EMPTY_BODY = YES;
				CLANG_WARN_ENUM_CONVERSION = YES;
				CLANG_WARN_INFINITE_RECURSION = YES;
				CLANG_WARN_INT_CONVERSION = YES;
				CLANG_WARN_NON_LITERAL_NULL_CONVERSION = YES;
				CLANG_WARN_OBJC_IMPLICIT_RETAIN_SELF = YES;
				CLANG_WARN_OBJC_LITERAL_CONVERSION = YES;
				CLANG_WARN_OBJC_ROOT_CLASS = YES_ERROR;
				CLANG_WARN_QUOTED_INCLUDE_IN_FRAMEWORK_HEADER = YES;
				CLANG_WARN_RANGE_LOOP_ANALYSIS = YES;
				CLANG_WARN_STRICT_PROTOTYPES = YES;
				CLANG_WARN_SUSPICIOUS_MOVE = YES;
				CLANG_WARN_UNGUARDED_AVAILABILITY = YES_AGGRESSIVE;
				CLANG_WARN_UNREACHABLE_CODE = YES;
				CLANG_WARN__DUPLICATE_METHOD_MATCH = YES;
				COPY_PHASE_STRIP = NO;
				DEBUG_INFORMATION_FORMAT = dwarf;
				ENABLE_STRICT_OBJC_MSGSEND = YES;
				ENABLE_TESTABILITY = YES;
				GCC_C_LANGUAGE_STANDARD = gnu11;
				GCC_DYNAMIC_NO_PIC = NO;
				GCC_NO_COMMON_BLOCKS = YES;
				GCC_OPTIMIZATION_LEVEL = 0;
				GCC_PREPROCESSOR_DEFINITIONS = (
					"DEBUG=1",
					"$(inherited)",
				);
				GCC_WARN_64_TO_32_BIT_CONVERSION = YES;
				GCC_WARN_ABOUT_RETURN_TYPE = YES_ERROR;
				GCC_WARN_UNDECLARED_SELECTOR = YES;
				GCC_WARN_UNINITIALIZED_AUTOS = YES_AGGRESSIVE;
				GCC_WARN_UNUSED_FUNCTION = YES;
				GCC_WARN_UNUSED_VARIABLE = YES;
				IPHONEOS_DEPLOYMENT_TARGET = 15.0;
				MTL_ENABLE_DEBUG_INFO = INCLUDE_SOURCE;
				MTL_FAST_MATH = YES;
				ONLY_ACTIVE_ARCH = YES;
				SDKROOT = iphoneos;
				SWIFT_ACTIVE_COMPILATION_CONDITIONS = DEBUG;
				SWIFT_OPTIMIZATION_LEVEL = "-Onone";
			};
			name = Debug;
		};
		04BD9C1427689D2F00BB7C1F /* Release */ = {
			isa = XCBuildConfiguration;
			buildSettings = {
				ALWAYS_SEARCH_USER_PATHS = NO;
				CLANG_ANALYZER_NONNULL = YES;
				CLANG_ANALYZER_NUMBER_OBJECT_CONVERSION = YES_AGGRESSIVE;
				CLANG_CXX_LANGUAGE_STANDARD = "gnu++17";
				CLANG_CXX_LIBRARY = "libc++";
				CLANG_ENABLE_MODULES = YES;
				CLANG_ENABLE_OBJC_ARC = YES;
				CLANG_ENABLE_OBJC_WEAK = YES;
				CLANG_WARN_BLOCK_CAPTURE_AUTORELEASING = YES;
				CLANG_WARN_BOOL_CONVERSION = YES;
				CLANG_WARN_COMMA = YES;
				CLANG_WARN_CONSTANT_CONVERSION = YES;
				CLANG_WARN_DEPRECATED_OBJC_IMPLEMENTATIONS = YES;
				CLANG_WARN_DIRECT_OBJC_ISA_USAGE = YES_ERROR;
				CLANG_WARN_DOCUMENTATION_COMMENTS = YES;
				CLANG_WARN_EMPTY_BODY = YES;
				CLANG_WARN_ENUM_CONVERSION = YES;
				CLANG_WARN_INFINITE_RECURSION = YES;
				CLANG_WARN_INT_CONVERSION = YES;
				CLANG_WARN_NON_LITERAL_NULL_CONVERSION = YES;
				CLANG_WARN_OBJC_IMPLICIT_RETAIN_SELF = YES;
				CLANG_WARN_OBJC_LITERAL_CONVERSION = YES;
				CLANG_WARN_OBJC_ROOT_CLASS = YES_ERROR;
				CLANG_WARN_QUOTED_INCLUDE_IN_FRAMEWORK_HEADER = YES;
				CLANG_WARN_RANGE_LOOP_ANALYSIS = YES;
				CLANG_WARN_STRICT_PROTOTYPES = YES;
				CLANG_WARN_SUSPICIOUS_MOVE = YES;
				CLANG_WARN_UNGUARDED_AVAILABILITY = YES_AGGRESSIVE;
				CLANG_WARN_UNREACHABLE_CODE = YES;
				CLANG_WARN__DUPLICATE_METHOD_MATCH = YES;
				COPY_PHASE_STRIP = NO;
				DEBUG_INFORMATION_FORMAT = "dwarf-with-dsym";
				ENABLE_NS_ASSERTIONS = NO;
				ENABLE_STRICT_OBJC_MSGSEND = YES;
				GCC_C_LANGUAGE_STANDARD = gnu11;
				GCC_NO_COMMON_BLOCKS = YES;
				GCC_WARN_64_TO_32_BIT_CONVERSION = YES;
				GCC_WARN_ABOUT_RETURN_TYPE = YES_ERROR;
				GCC_WARN_UNDECLARED_SELECTOR = YES;
				GCC_WARN_UNINITIALIZED_AUTOS = YES_AGGRESSIVE;
				GCC_WARN_UNUSED_FUNCTION = YES;
				GCC_WARN_UNUSED_VARIABLE = YES;
				IPHONEOS_DEPLOYMENT_TARGET = 15.0;
				MTL_ENABLE_DEBUG_INFO = NO;
				MTL_FAST_MATH = YES;
				SDKROOT = iphoneos;
				SWIFT_COMPILATION_MODE = wholemodule;
				SWIFT_OPTIMIZATION_LEVEL = "-O";
				VALIDATE_PRODUCT = YES;
			};
			name = Release;
		};
		04BD9C1627689D2F00BB7C1F /* Debug */ = {
			isa = XCBuildConfiguration;
			buildSettings = {
				ASSETCATALOG_COMPILER_APPICON_NAME = AppIcon;
				ASSETCATALOG_COMPILER_GLOBAL_ACCENT_COLOR_NAME = AccentColor;
				CODE_SIGN_STYLE = Automatic;
				CURRENT_PROJECT_VERSION = 1;
				DEVELOPMENT_TEAM = FCFHS2BVLY;
				GENERATE_INFOPLIST_FILE = YES;
				INFOPLIST_KEY_UIApplicationSupportsIndirectInputEvents = YES;
				INFOPLIST_KEY_UILaunchStoryboardName = LaunchScreen;
				INFOPLIST_KEY_UIMainStoryboardFile = Main;
				INFOPLIST_KEY_UIRequiresFullScreen = NO;
				INFOPLIST_KEY_UIStatusBarHidden = YES;
				INFOPLIST_KEY_UISupportedInterfaceOrientations = UIInterfaceOrientationLandscapeRight;
				INFOPLIST_KEY_UISupportedInterfaceOrientations_iPad = "UIInterfaceOrientationPortrait UIInterfaceOrientationPortraitUpsideDown UIInterfaceOrientationLandscapeLeft UIInterfaceOrientationLandscapeRight";
				INFOPLIST_KEY_UISupportedInterfaceOrientations_iPhone = "UIInterfaceOrientationPortrait UIInterfaceOrientationLandscapeLeft UIInterfaceOrientationLandscapeRight";
				LD_RUNPATH_SEARCH_PATHS = (
					"$(inherited)",
					"@executable_path/Frameworks",
				);
				MARKETING_VERSION = 1.0;
				PRODUCT_BUNDLE_IDENTIFIER = artem.testGame;
				PRODUCT_NAME = "$(TARGET_NAME)";
				SWIFT_EMIT_LOC_STRINGS = YES;
				SWIFT_VERSION = 5.0;
				TARGETED_DEVICE_FAMILY = "1,2";
			};
			name = Debug;
		};
		04BD9C1727689D2F00BB7C1F /* Release */ = {
			isa = XCBuildConfiguration;
			buildSettings = {
				ASSETCATALOG_COMPILER_APPICON_NAME = AppIcon;
				ASSETCATALOG_COMPILER_GLOBAL_ACCENT_COLOR_NAME = AccentColor;
				CODE_SIGN_STYLE = Automatic;
				CURRENT_PROJECT_VERSION = 1;
				DEVELOPMENT_TEAM = FCFHS2BVLY;
				GENERATE_INFOPLIST_FILE = YES;
				INFOPLIST_KEY_UIApplicationSupportsIndirectInputEvents = YES;
				INFOPLIST_KEY_UILaunchStoryboardName = LaunchScreen;
				INFOPLIST_KEY_UIMainStoryboardFile = Main;
				INFOPLIST_KEY_UIRequiresFullScreen = NO;
				INFOPLIST_KEY_UIStatusBarHidden = YES;
				INFOPLIST_KEY_UISupportedInterfaceOrientations = UIInterfaceOrientationLandscapeRight;
				INFOPLIST_KEY_UISupportedInterfaceOrientations_iPad = "UIInterfaceOrientationPortrait UIInterfaceOrientationPortraitUpsideDown UIInterfaceOrientationLandscapeLeft UIInterfaceOrientationLandscapeRight";
				INFOPLIST_KEY_UISupportedInterfaceOrientations_iPhone = "UIInterfaceOrientationPortrait UIInterfaceOrientationLandscapeLeft UIInterfaceOrientationLandscapeRight";
				LD_RUNPATH_SEARCH_PATHS = (
					"$(inherited)",
					"@executable_path/Frameworks",
				);
				MARKETING_VERSION = 1.0;
				PRODUCT_BUNDLE_IDENTIFIER = artem.testGame;
				PRODUCT_NAME = "$(TARGET_NAME)";
				SWIFT_EMIT_LOC_STRINGS = YES;
				SWIFT_VERSION = 5.0;
				TARGETED_DEVICE_FAMILY = "1,2";
			};
			name = Release;
		};
/* End XCBuildConfiguration section */

/* Begin XCConfigurationList section */
		04BD9BF927689D2D00BB7C1F /* Build configuration list for PBXProject "testGame" */ = {
			isa = XCConfigurationList;
			buildConfigurations = (
				04BD9C1327689D2F00BB7C1F /* Debug */,
				04BD9C1427689D2F00BB7C1F /* Release */,
			);
			defaultConfigurationIsVisible = 0;
			defaultConfigurationName = Release;
		};
		04BD9C1527689D2F00BB7C1F /* Build configuration list for PBXNativeTarget "testGame" */ = {
			isa = XCConfigurationList;
			buildConfigurations = (
				04BD9C1627689D2F00BB7C1F /* Debug */,
				04BD9C1727689D2F00BB7C1F /* Release */,
			);
			defaultConfigurationIsVisible = 0;
			defaultConfigurationName = Release;
		};
/* End XCConfigurationList section */
	};
	rootObject = 04BD9BF627689D2D00BB7C1F /* Project object */;
}
